// !$*UTF8*$!
{
	archiveVersion = 1;
	classes = {
	};
	objectVersion = 46;
	objects = {

/* Begin PBXBuildFile section */
		B3986CC01BD19EA40085E8BE /* main.cpp in Sources */ = {isa = PBXBuildFile; fileRef = B3986CBF1BD19EA40085E8BE /* main.cpp */; };
/* End PBXBuildFile section */

/* Begin PBXCopyFilesBuildPhase section */
		B3986CBA1BD19EA40085E8BE /* CopyFiles */ = {
			isa = PBXCopyFilesBuildPhase;
			buildActionMask = 2147483647;
			dstPath = /usr/share/man/man1/;
			dstSubfolderSpec = 0;
			files = (
			);
			runOnlyForDeploymentPostprocessing = 1;
		};
/* End PBXCopyFilesBuildPhase section */

/* Begin PBXFileReference section */
		B3986CBC1BD19EA40085E8BE /* assn_3 */ = {isa = PBXFileReference; explicitFileType = "compiled.mach-o.executable"; includeInIndex = 0; path = assn_3; sourceTree = BUILT_PRODUCTS_DIR; };
		B3986CBF1BD19EA40085E8BE /* main.cpp */ = {isa = PBXFileReference; lastKnownFileType = sourcecode.cpp.cpp; path = main.cpp; sourceTree = "<group>"; };
		B3986CC61BD1ABCE0085E8BE /* heap.h */ = {isa = PBXFileReference; lastKnownFileType = sourcecode.c.h; path = heap.h; sourceTree = "<group>"; };
		B3986CC91BD1D2410085E8BE /* basic_merge_sort.h */ = {isa = PBXFileReference; lastKnownFileType = sourcecode.c.h; path = basic_merge_sort.h; sourceTree = "<group>"; };
		B3986CCA1BD2C48E0085E8BE /* run_file_mgr.h */ = {isa = PBXFileReference; lastKnownFileType = sourcecode.c.h; path = run_file_mgr.h; sourceTree = "<group>"; };
		B3986CCB1BD2C59E0085E8BE /* common.h */ = {isa = PBXFileReference; lastKnownFileType = sourcecode.c.h; path = common.h; sourceTree = "<group>"; };
		B3986CCC1BD2D1C70085E8BE /* output_buffer_manager.h */ = {isa = PBXFileReference; lastKnownFileType = sourcecode.c.h; path = output_buffer_manager.h; sourceTree = "<group>"; };
		B3986CCD1BD358770085E8BE /* multistep_merge_sort.h */ = {isa = PBXFileReference; lastKnownFileType = sourcecode.c.h; path = multistep_merge_sort.h; sourceTree = "<group>"; };
		B3986CCE1BD464290085E8BE /* repl_sel_merge_sort.h */ = {isa = PBXFileReference; lastKnownFileType = sourcecode.c.h; path = repl_sel_merge_sort.h; sourceTree = "<group>"; };
		B3986CCF1BD46F020085E8BE /* small_input_buffer.h */ = {isa = PBXFileReference; lastKnownFileType = sourcecode.c.h; path = small_input_buffer.h; sourceTree = "<group>"; };
		B3986CD01BD49B400085E8BE /* composite_heap.h */ = {isa = PBXFileReference; lastKnownFileType = sourcecode.c.h; path = composite_heap.h; sourceTree = "<group>"; };
/* End PBXFileReference section */

/* Begin PBXFrameworksBuildPhase section */
		B3986CB91BD19EA40085E8BE /* Frameworks */ = {
			isa = PBXFrameworksBuildPhase;
			buildActionMask = 2147483647;
			files = (
			);
			runOnlyForDeploymentPostprocessing = 0;
		};
/* End PBXFrameworksBuildPhase section */

/* Begin PBXGroup section */
		B3986CB31BD19EA40085E8BE = {
			isa = PBXGroup;
			children = (
				B3986CBE1BD19EA40085E8BE /* assn_3 */,
				B3986CBD1BD19EA40085E8BE /* Products */,
			);
			sourceTree = "<group>";
		};
		B3986CBD1BD19EA40085E8BE /* Products */ = {
			isa = PBXGroup;
			children = (
				B3986CBC1BD19EA40085E8BE /* assn_3 */,
			);
			name = Products;
			sourceTree = "<group>";
		};
		B3986CBE1BD19EA40085E8BE /* assn_3 */ = {
			isa = PBXGroup;
			children = (
				B3986CBF1BD19EA40085E8BE /* main.cpp */,
				B3986CC61BD1ABCE0085E8BE /* heap.h */,
				B3986CC91BD1D2410085E8BE /* basic_merge_sort.h */,
				B3986CCD1BD358770085E8BE /* multistep_merge_sort.h */,
				B3986CCA1BD2C48E0085E8BE /* run_file_mgr.h */,
				B3986CCB1BD2C59E0085E8BE /* common.h */,
				B3986CCC1BD2D1C70085E8BE /* output_buffer_manager.h */,
				B3986CCE1BD464290085E8BE /* repl_sel_merge_sort.h */,
				B3986CCF1BD46F020085E8BE /* small_input_buffer.h */,
				B3986CD01BD49B400085E8BE /* composite_heap.h */,
			);
			path = assn_3;
			sourceTree = "<group>";
		};
/* End PBXGroup section */

/* Begin PBXNativeTarget section */
		B3986CBB1BD19EA40085E8BE /* assn_3 */ = {
			isa = PBXNativeTarget;
			buildConfigurationList = B3986CC31BD19EA40085E8BE /* Build configuration list for PBXNativeTarget "assn_3" */;
			buildPhases = (
				B3986CB81BD19EA40085E8BE /* Sources */,
				B3986CB91BD19EA40085E8BE /* Frameworks */,
				B3986CBA1BD19EA40085E8BE /* CopyFiles */,
			);
			buildRules = (
			);
			dependencies = (
			);
			name = assn_3;
			productName = assn_3;
			productReference = B3986CBC1BD19EA40085E8BE /* assn_3 */;
			productType = "com.apple.product-type.tool";
		};
/* End PBXNativeTarget section */

/* Begin PBXProject section */
		B3986CB41BD19EA40085E8BE /* Project object */ = {
			isa = PBXProject;
			attributes = {
				LastUpgradeCheck = 0700;
				ORGANIZATIONNAME = "Haiyu Yao";
				TargetAttributes = {
					B3986CBB1BD19EA40085E8BE = {
						CreatedOnToolsVersion = 7.0.1;
					};
				};
			};
			buildConfigurationList = B3986CB71BD19EA40085E8BE /* Build configuration list for PBXProject "assn_3" */;
			compatibilityVersion = "Xcode 3.2";
			developmentRegion = English;
			hasScannedForEncodings = 0;
			knownRegions = (
				en,
			);
			mainGroup = B3986CB31BD19EA40085E8BE;
			productRefGroup = B3986CBD1BD19EA40085E8BE /* Products */;
			projectDirPath = "";
			projectRoot = "";
			targets = (
				B3986CBB1BD19EA40085E8BE /* assn_3 */,
			);
		};
/* End PBXProject section */

/* Begin PBXSourcesBuildPhase section */
		B3986CB81BD19EA40085E8BE /* Sources */ = {
			isa = PBXSourcesBuildPhase;
			buildActionMask = 2147483647;
			files = (
				B3986CC01BD19EA40085E8BE /* main.cpp in Sources */,
			);
			runOnlyForDeploymentPostprocessing = 0;
		};
/* End PBXSourcesBuildPhase section */

/* Begin XCBuildConfiguration section */
		B3986CC11BD19EA40085E8BE /* Debug */ = {
			isa = XCBuildConfiguration;
			buildSettings = {
				ALWAYS_SEARCH_USER_PATHS = NO;
				CLANG_CXX_LANGUAGE_STANDARD = "gnu++0x";
				CLANG_CXX_LIBRARY = "libc++";
				CLANG_ENABLE_MODULES = YES;
				CLANG_ENABLE_OBJC_ARC = YES;
				CLANG_WARN_BOOL_CONVERSION = YES;
				CLANG_WARN_CONSTANT_CONVERSION = YES;
				CLANG_WARN_DIRECT_OBJC_ISA_USAGE = YES_ERROR;
				CLANG_WARN_EMPTY_BODY = YES;
				CLANG_WARN_ENUM_CONVERSION = YES;
				CLANG_WARN_INT_CONVERSION = YES;
				CLANG_WARN_OBJC_ROOT_CLASS = YES_ERROR;
				CLANG_WARN_UNREACHABLE_CODE = YES;
				CLANG_WARN__DUPLICATE_METHOD_MATCH = YES;
				COPY_PHASE_STRIP = NO;
				DEBUG_INFORMATION_FORMAT = dwarf;
				ENABLE_STRICT_OBJC_MSGSEND = YES;
				ENABLE_TESTABILITY = YES;
				GCC_C_LANGUAGE_STANDARD = gnu99;
				GCC_DYNAMIC_NO_PIC = NO;
				GCC_NO_COMMON_BLOCKS = YES;
				GCC_OPTIMIZATION_LEVEL = 0;
				GCC_PREPROCESSOR_DEFINITIONS = (
					"DEBUG=1",
					"$(inherited)",
				);
				GCC_WARN_64_TO_32_BIT_CONVERSION = YES;
				GCC_WARN_ABOUT_RETURN_TYPE = YES_ERROR;
				GCC_WARN_UNDECLARED_SELECTOR = YES;
				GCC_WARN_UNINITIALIZED_AUTOS = YES_AGGRESSIVE;
				GCC_WARN_UNUSED_FUNCTION = YES;
				GCC_WARN_UNUSED_VARIABLE = YES;
				MACOSX_DEPLOYMENT_TARGET = 10.10;
				MTL_ENABLE_DEBUG_INFO = YES;
				ONLY_ACTIVE_ARCH = YES;
				SDKROOT = macosx;
			};
			name = Debug;
		};
		B3986CC21BD19EA40085E8BE /* Release */ = {
			isa = XCBuildConfiguration;
			buildSettings = {
				ALWAYS_SEARCH_USER_PATHS = NO;
				CLANG_CXX_LANGUAGE_STANDARD = "gnu++0x";
				CLANG_CXX_LIBRARY = "libc++";
				CLANG_ENABLE_MODULES = YES;
				CLANG_ENABLE_OBJC_ARC = YES;
				CLANG_WARN_BOOL_CONVERSION = YES;
				CLANG_WARN_CONSTANT_CONVERSION = YES;
				CLANG_WARN_DIRECT_OBJC_ISA_USAGE = YES_ERROR;
				CLANG_WARN_EMPTY_BODY = YES;
				CLANG_WARN_ENUM_CONVERSION = YES;
				CLANG_WARN_INT_CONVERSION = YES;
				CLANG_WARN_OBJC_ROOT_CLASS = YES_ERROR;
				CLANG_WARN_UNREACHABLE_CODE = YES;
				CLANG_WARN__DUPLICATE_METHOD_MATCH = YES;
				COPY_PHASE_STRIP = NO;
				DEBUG_INFORMATION_FORMAT = "dwarf-with-dsym";
				ENABLE_NS_ASSERTIONS = NO;
				ENABLE_STRICT_OBJC_MSGSEND = YES;
				GCC_C_LANGUAGE_STANDARD = gnu99;
				GCC_NO_COMMON_BLOCKS = YES;
				GCC_WARN_64_TO_32_BIT_CONVERSION = YES;
				GCC_WARN_ABOUT_RETURN_TYPE = YES_ERROR;
				GCC_WARN_UNDECLARED_SELECTOR = YES;
				GCC_WARN_UNINITIALIZED_AUTOS = YES_AGGRESSIVE;
				GCC_WARN_UNUSED_FUNCTION = YES;
				GCC_WARN_UNUSED_VARIABLE = YES;
				MACOSX_DEPLOYMENT_TARGET = 10.10;
				MTL_ENABLE_DEBUG_INFO = NO;
				SDKROOT = macosx;
			};
			name = Release;
		};
		B3986CC41BD19EA40085E8BE /* Debug */ = {
			isa = XCBuildConfiguration;
			buildSettings = {
				PRODUCT_NAME = "$(TARGET_NAME)";
			};
			name = Debug;
		};
		B3986CC51BD19EA40085E8BE /* Release */ = {
			isa = XCBuildConfiguration;
			buildSettings = {
				PRODUCT_NAME = "$(TARGET_NAME)";
			};
			name = Release;
		};
/* End XCBuildConfiguration section */

/* Begin XCConfigurationList section */
		B3986CB71BD19EA40085E8BE /* Build configuration list for PBXProject "assn_3" */ = {
			isa = XCConfigurationList;
			buildConfigurations = (
				B3986CC11BD19EA40085E8BE /* Debug */,
				B3986CC21BD19EA40085E8BE /* Release */,
			);
			defaultConfigurationIsVisible = 0;
			defaultConfigurationName = Release;
		};
		B3986CC31BD19EA40085E8BE /* Build configuration list for PBXNativeTarget "assn_3" */ = {
			isa = XCConfigurationList;
			buildConfigurations = (
				B3986CC41BD19EA40085E8BE /* Debug */,
				B3986CC51BD19EA40085E8BE /* Release */,
			);
			defaultConfigurationIsVisible = 0;
		};
/* End XCConfigurationList section */
	};
	rootObject = B3986CB41BD19EA40085E8BE /* Project object */;
}
