// !$*UTF8*$!
{
	archiveVersion = 1;
	classes = {
	};
	objectVersion = 46;
	objects = {

/* Begin PBXBuildFile section */
		B3ED91BC1BA274F800340CAD /* main.cpp in Sources */ = {isa = PBXBuildFile; fileRef = B3ED91BB1BA274F800340CAD /* main.cpp */; };
/* End PBXBuildFile section */

/* Begin PBXCopyFilesBuildPhase section */
		B3ED91B61BA274F800340CAD /* CopyFiles */ = {
			isa = PBXCopyFilesBuildPhase;
			buildActionMask = 2147483647;
			dstPath = /usr/share/man/man1/;
			dstSubfolderSpec = 0;
			files = (
			);
			runOnlyForDeploymentPostprocessing = 1;
		};
/* End PBXCopyFilesBuildPhase section */

/* Begin PBXFileReference section */
		B38072EF1BB6E24100309613 /* index.h */ = {isa = PBXFileReference; lastKnownFileType = sourcecode.c.h; path = index.h; sourceTree = "<group>"; };
		B38072F01BB6E2A600309613 /* avail_list.h */ = {isa = PBXFileReference; lastKnownFileType = sourcecode.c.h; path = avail_list.h; sourceTree = "<group>"; };
		B38072F11BB6E2F700309613 /* file_mgr.h */ = {isa = PBXFileReference; lastKnownFileType = sourcecode.c.h; path = file_mgr.h; sourceTree = "<group>"; };
		B38072F21BB6E32900309613 /* command.h */ = {isa = PBXFileReference; lastKnownFileType = sourcecode.c.h; path = command.h; sourceTree = "<group>"; };
		B3ED91B81BA274F800340CAD /* assn_2 */ = {isa = PBXFileReference; explicitFileType = "compiled.mach-o.executable"; includeInIndex = 0; path = assn_2; sourceTree = BUILT_PRODUCTS_DIR; };
		B3ED91BB1BA274F800340CAD /* main.cpp */ = {isa = PBXFileReference; lastKnownFileType = sourcecode.cpp.cpp; path = main.cpp; sourceTree = "<group>"; };
/* End PBXFileReference section */

/* Begin PBXFrameworksBuildPhase section */
		B3ED91B51BA274F800340CAD /* Frameworks */ = {
			isa = PBXFrameworksBuildPhase;
			buildActionMask = 2147483647;
			files = (
			);
			runOnlyForDeploymentPostprocessing = 0;
		};
/* End PBXFrameworksBuildPhase section */

/* Begin PBXGroup section */
		B3ED91AF1BA274F800340CAD = {
			isa = PBXGroup;
			children = (
				B3ED91BA1BA274F800340CAD /* assn_2 */,
				B3ED91B91BA274F800340CAD /* Products */,
			);
			sourceTree = "<group>";
		};
		B3ED91B91BA274F800340CAD /* Products */ = {
			isa = PBXGroup;
			children = (
				B3ED91B81BA274F800340CAD /* assn_2 */,
			);
			name = Products;
			sourceTree = "<group>";
		};
		B3ED91BA1BA274F800340CAD /* assn_2 */ = {
			isa = PBXGroup;
			children = (
				B3ED91BB1BA274F800340CAD /* main.cpp */,
				B38072EF1BB6E24100309613 /* index.h */,
				B38072F01BB6E2A600309613 /* avail_list.h */,
				B38072F11BB6E2F700309613 /* file_mgr.h */,
				B38072F21BB6E32900309613 /* command.h */,
			);
			path = assn_2;
			sourceTree = "<group>";
		};
/* End PBXGroup section */

/* Begin PBXNativeTarget section */
		B3ED91B71BA274F800340CAD /* assn_2 */ = {
			isa = PBXNativeTarget;
			buildConfigurationList = B3ED91BF1BA274F800340CAD /* Build configuration list for PBXNativeTarget "assn_2" */;
			buildPhases = (
				B3ED91B41BA274F800340CAD /* Sources */,
				B3ED91B51BA274F800340CAD /* Frameworks */,
				B3ED91B61BA274F800340CAD /* CopyFiles */,
			);
			buildRules = (
			);
			dependencies = (
			);
			name = assn_2;
			productName = assn_2;
			productReference = B3ED91B81BA274F800340CAD /* assn_2 */;
			productType = "com.apple.product-type.tool";
		};
/* End PBXNativeTarget section */

/* Begin PBXProject section */
		B3ED91B01BA274F800340CAD /* Project object */ = {
			isa = PBXProject;
			attributes = {
				LastUpgradeCheck = 0640;
				ORGANIZATIONNAME = "Haiyu Yao";
				TargetAttributes = {
					B3ED91B71BA274F800340CAD = {
						CreatedOnToolsVersion = 6.4;
					};
				};
			};
			buildConfigurationList = B3ED91B31BA274F800340CAD /* Build configuration list for PBXProject "assn_2" */;
			compatibilityVersion = "Xcode 3.2";
			developmentRegion = English;
			hasScannedForEncodings = 0;
			knownRegions = (
				en,
			);
			mainGroup = B3ED91AF1BA274F800340CAD;
			productRefGroup = B3ED91B91BA274F800340CAD /* Products */;
			projectDirPath = "";
			projectRoot = "";
			targets = (
				B3ED91B71BA274F800340CAD /* assn_2 */,
			);
		};
/* End PBXProject section */

/* Begin PBXSourcesBuildPhase section */
		B3ED91B41BA274F800340CAD /* Sources */ = {
			isa = PBXSourcesBuildPhase;
			buildActionMask = 2147483647;
			files = (
				B3ED91BC1BA274F800340CAD /* main.cpp in Sources */,
			);
			runOnlyForDeploymentPostprocessing = 0;
		};
/* End PBXSourcesBuildPhase section */

/* Begin XCBuildConfiguration section */
		B3ED91BD1BA274F800340CAD /* Debug */ = {
			isa = XCBuildConfiguration;
			buildSettings = {
				ALWAYS_SEARCH_USER_PATHS = NO;
				CLANG_CXX_LANGUAGE_STANDARD = "gnu++0x";
				CLANG_CXX_LIBRARY = "libc++";
				CLANG_ENABLE_MODULES = YES;
				CLANG_ENABLE_OBJC_ARC = YES;
				CLANG_WARN_BOOL_CONVERSION = YES;
				CLANG_WARN_CONSTANT_CONVERSION = YES;
				CLANG_WARN_DIRECT_OBJC_ISA_USAGE = YES_ERROR;
				CLANG_WARN_EMPTY_BODY = YES;
				CLANG_WARN_ENUM_CONVERSION = YES;
				CLANG_WARN_INT_CONVERSION = YES;
				CLANG_WARN_OBJC_ROOT_CLASS = YES_ERROR;
				CLANG_WARN_UNREACHABLE_CODE = YES;
				CLANG_WARN__DUPLICATE_METHOD_MATCH = YES;
				COPY_PHASE_STRIP = NO;
				DEBUG_INFORMATION_FORMAT = dwarf;
				ENABLE_STRICT_OBJC_MSGSEND = YES;
				GCC_C_LANGUAGE_STANDARD = gnu99;
				GCC_DYNAMIC_NO_PIC = NO;
				GCC_NO_COMMON_BLOCKS = YES;
				GCC_OPTIMIZATION_LEVEL = 0;
				GCC_PREPROCESSOR_DEFINITIONS = (
					"DEBUG=1",
					"$(inherited)",
				);
				GCC_SYMBOLS_PRIVATE_EXTERN = NO;
				GCC_WARN_64_TO_32_BIT_CONVERSION = YES;
				GCC_WARN_ABOUT_RETURN_TYPE = YES_ERROR;
				GCC_WARN_UNDECLARED_SELECTOR = YES;
				GCC_WARN_UNINITIALIZED_AUTOS = YES_AGGRESSIVE;
				GCC_WARN_UNUSED_FUNCTION = YES;
				GCC_WARN_UNUSED_VARIABLE = YES;
				MACOSX_DEPLOYMENT_TARGET = 10.10;
				MTL_ENABLE_DEBUG_INFO = YES;
				ONLY_ACTIVE_ARCH = YES;
				SDKROOT = macosx;
			};
			name = Debug;
		};
		B3ED91BE1BA274F800340CAD /* Release */ = {
			isa = XCBuildConfiguration;
			buildSettings = {
				ALWAYS_SEARCH_USER_PATHS = NO;
				CLANG_CXX_LANGUAGE_STANDARD = "gnu++0x";
				CLANG_CXX_LIBRARY = "libc++";
				CLANG_ENABLE_MODULES = YES;
				CLANG_ENABLE_OBJC_ARC = YES;
				CLANG_WARN_BOOL_CONVERSION = YES;
				CLANG_WARN_CONSTANT_CONVERSION = YES;
				CLANG_WARN_DIRECT_OBJC_ISA_USAGE = YES_ERROR;
				CLANG_WARN_EMPTY_BODY = YES;
				CLANG_WARN_ENUM_CONVERSION = YES;
				CLANG_WARN_INT_CONVERSION = YES;
				CLANG_WARN_OBJC_ROOT_CLASS = YES_ERROR;
				CLANG_WARN_UNREACHABLE_CODE = YES;
				CLANG_WARN__DUPLICATE_METHOD_MATCH = YES;
				COPY_PHASE_STRIP = NO;
				DEBUG_INFORMATION_FORMAT = "dwarf-with-dsym";
				ENABLE_NS_ASSERTIONS = NO;
				ENABLE_STRICT_OBJC_MSGSEND = YES;
				GCC_C_LANGUAGE_STANDARD = gnu99;
				GCC_NO_COMMON_BLOCKS = YES;
				GCC_WARN_64_TO_32_BIT_CONVERSION = YES;
				GCC_WARN_ABOUT_RETURN_TYPE = YES_ERROR;
				GCC_WARN_UNDECLARED_SELECTOR = YES;
				GCC_WARN_UNINITIALIZED_AUTOS = YES_AGGRESSIVE;
				GCC_WARN_UNUSED_FUNCTION = YES;
				GCC_WARN_UNUSED_VARIABLE = YES;
				MACOSX_DEPLOYMENT_TARGET = 10.10;
				MTL_ENABLE_DEBUG_INFO = NO;
				SDKROOT = macosx;
			};
			name = Release;
		};
		B3ED91C01BA274F800340CAD /* Debug */ = {
			isa = XCBuildConfiguration;
			buildSettings = {
				PRODUCT_NAME = "$(TARGET_NAME)";
			};
			name = Debug;
		};
		B3ED91C11BA274F800340CAD /* Release */ = {
			isa = XCBuildConfiguration;
			buildSettings = {
				PRODUCT_NAME = "$(TARGET_NAME)";
			};
			name = Release;
		};
/* End XCBuildConfiguration section */

/* Begin XCConfigurationList section */
		B3ED91B31BA274F800340CAD /* Build configuration list for PBXProject "assn_2" */ = {
			isa = XCConfigurationList;
			buildConfigurations = (
				B3ED91BD1BA274F800340CAD /* Debug */,
				B3ED91BE1BA274F800340CAD /* Release */,
			);
			defaultConfigurationIsVisible = 0;
			defaultConfigurationName = Release;
		};
		B3ED91BF1BA274F800340CAD /* Build configuration list for PBXNativeTarget "assn_2" */ = {
			isa = XCConfigurationList;
			buildConfigurations = (
				B3ED91C01BA274F800340CAD /* Debug */,
				B3ED91C11BA274F800340CAD /* Release */,
			);
			defaultConfigurationIsVisible = 0;
			defaultConfigurationName = Release;
		};
/* End XCConfigurationList section */
	};
	rootObject = B3ED91B01BA274F800340CAD /* Project object */;
}
